
Microsoft Visual Studio Solution File, Format Version 12.00
# Visual Studio Version 17
VisualStudioVersion = 17.7.34202.233
MinimumVisualStudioVersion = 10.0.40219.1
Project("{9A19103F-16F7-4668-BE54-9A1E7A4F7556}") = "FizzBuzzApp", "FizzBuzzApp\FizzBuzzApp.csproj", "{29A6BAEF-1ECA-4B0E-BAD0-71C7EC73088E}"
EndProject
Project("{9A19103F-16F7-4668-BE54-9A1E7A4F7556}") = "FizzBuzz.Core", "FizzBuzz.Core\FizzBuzz.Core.csproj", "{194FF9AA-E340-4516-8E65-539DD0138C9C}"
EndProject
Project("{9A19103F-16F7-4668-BE54-9A1E7A4F7556}") = "FizzBuzz.Services", "FizzBuzz.Services\FizzBuzz.Services.csproj", "{2A0242CE-80A4-481D-A1CE-4B638E45A663}"
EndProject
Project("{FAE04EC0-301F-11D3-BF4B-00C04F79EFBC}") = "FizzBuzz.Tests", "FizzBuzz.Tests\FizzBuzz.Tests.csproj", "{6FA629CB-9347-40D7-9629-24767FA3278E}"
EndProject
Global
	GlobalSection(SolutionConfigurationPlatforms) = preSolution
		Debug|Any CPU = Debug|Any CPU
		Release|Any CPU = Release|Any CPU
	EndGlobalSection
	GlobalSection(ProjectConfigurationPlatforms) = postSolution
		{29A6BAEF-1ECA-4B0E-BAD0-71C7EC73088E}.Debug|Any CPU.ActiveCfg = Debug|Any CPU
		{29A6BAEF-1ECA-4B0E-BAD0-71C7EC73088E}.Debug|Any CPU.Build.0 = Debug|Any CPU
		{29A6BAEF-1ECA-4B0E-BAD0-71C7EC73088E}.Release|Any CPU.ActiveCfg = Release|Any CPU
		{29A6BAEF-1ECA-4B0E-BAD0-71C7EC73088E}.Release|Any CPU.Build.0 = Release|Any CPU
		{194FF9AA-E340-4516-8E65-539DD0138C9C}.Debug|Any CPU.ActiveCfg = Debug|Any CPU
		{194FF9AA-E340-4516-8E65-539DD0138C9C}.Debug|Any CPU.Build.0 = Debug|Any CPU
		{194FF9AA-E340-4516-8E65-539DD0138C9C}.Release|Any CPU.ActiveCfg = Release|Any CPU
		{194FF9AA-E340-4516-8E65-539DD0138C9C}.Release|Any CPU.Build.0 = Release|Any CPU
		{2A0242CE-80A4-481D-A1CE-4B638E45A663}.Debug|Any CPU.ActiveCfg = Debug|Any CPU
		{2A0242CE-80A4-481D-A1CE-4B638E45A663}.Debug|Any CPU.Build.0 = Debug|Any CPU
		{2A0242CE-80A4-481D-A1CE-4B638E45A663}.Release|Any CPU.ActiveCfg = Release|Any CPU
		{2A0242CE-80A4-481D-A1CE-4B638E45A663}.Release|Any CPU.Build.0 = Release|Any CPU
		{6FA629CB-9347-40D7-9629-24767FA3278E}.Debug|Any CPU.ActiveCfg = Debug|Any CPU
		{6FA629CB-9347-40D7-9629-24767FA3278E}.Debug|Any CPU.Build.0 = Debug|Any CPU
		{6FA629CB-9347-40D7-9629-24767FA3278E}.Release|Any CPU.ActiveCfg = Release|Any CPU
		{6FA629CB-9347-40D7-9629-24767FA3278E}.Release|Any CPU.Build.0 = Release|Any CPU
	EndGlobalSection
	GlobalSection(SolutionProperties) = preSolution
		HideSolutionNode = FALSE
	EndGlobalSection
	GlobalSection(ExtensibilityGlobals) = postSolution
		SolutionGuid = {07D50F77-7DA0-4F65-9C95-018197963BA7}
	EndGlobalSection
EndGlobal
